{
  "name": "Housing",
  "lockfileVersion": 3,
  "requires": true,
  "packages": {
    "": {
      "dependencies": {
        "expo-glass-effect": "^0.1.8"
      }
    },
    "node_modules/expo-glass-effect": {
      "version": "0.1.8",
      "resolved": "https://registry.npmjs.org/expo-glass-effect/-/expo-glass-effect-0.1.8.tgz",
      "integrity": "sha512-9Cp17ax0Fpugue8+Bd7Ndl/dSAvGmt4bQ5mQLw9zc1A2lctUse3cEg9nI7TnDJiwKf+A/VAPN6+3K12JVMYgZg==",
      "license": "MIT",
      "peerDependencies": {
        "expo": "*",
        "react": "*",
        "react-native": "*"
      }
    }
  }
}
